
Microsoft Visual Studio Solution File, Format Version 12.00
# Visual Studio Version 16
VisualStudioVersion = 16.0.31205.134
MinimumVisualStudioVersion = 10.0.40219.1
Project("{2150E333-8FDC-42A3-9474-1A3956D46DE8}") = "Netcore", "Netcore", "{8C56B993-18FA-4991-B55B-1C18C1BE30E3}"
EndProject
Project("{9A19103F-16F7-4668-BE54-9A1E7A4F7556}") = "Netcore2", "Netcore2\Netcore2.csproj", "{5ECA293E-2077-4573-B639-9DD1A0322B50}"
EndProject
Project("{2150E333-8FDC-42A3-9474-1A3956D46DE8}") = "Aop", "Aop", "{A2249A2A-AC67-4F12-B3F1-2BB8CCE19B24}"
EndProject
Project("{9A19103F-16F7-4668-BE54-9A1E7A4F7556}") = "Aops", "Aops\Aops.csproj", "{D60102EC-0403-4E1E-95F6-420F08784D91}"
EndProject
Project("{9A19103F-16F7-4668-BE54-9A1E7A4F7556}") = "Mvc", "Mvc\Mvc.csproj", "{52F085E0-EA0A-4EC6-8657-F7D9E0CD7E13}"
EndProject
Project("{2150E333-8FDC-42A3-9474-1A3956D46DE8}") = "MVC", "MVC", "{A066E6CB-3702-49A9-B787-405DAEFE7DB7}"
EndProject
Project("{FAE04EC0-301F-11D3-BF4B-00C04F79EFBC}") = "NetFrameworkMVC", "NetFrameworkMVC\NetFrameworkMVC.csproj", "{8DF09479-51C4-4DCE-A379-ED78CFECEAE2}"
EndProject
Project("{FAE04EC0-301F-11D3-BF4B-00C04F79EFBC}") = "NetMvc", "NetMvc\NetMvc.csproj", "{16C41999-BFF8-423B-883B-39A46A4A69D3}"
EndProject
Project("{2150E333-8FDC-42A3-9474-1A3956D46DE8}") = "WebApi_Service", "WebApi_Service", "{604FEDB2-953D-4CB7-905D-C2456420506D}"
EndProject
Project("{FAE04EC0-301F-11D3-BF4B-00C04F79EFBC}") = "WebService", "WebService\WebService.csproj", "{445DC064-A658-4243-8780-469964980E05}"
EndProject
Global
	GlobalSection(SolutionConfigurationPlatforms) = preSolution
		Debug|Any CPU = Debug|Any CPU
		Release|Any CPU = Release|Any CPU
	EndGlobalSection
	GlobalSection(ProjectConfigurationPlatforms) = postSolution
		{5ECA293E-2077-4573-B639-9DD1A0322B50}.Debug|Any CPU.ActiveCfg = Debug|Any CPU
		{5ECA293E-2077-4573-B639-9DD1A0322B50}.Debug|Any CPU.Build.0 = Debug|Any CPU
		{5ECA293E-2077-4573-B639-9DD1A0322B50}.Release|Any CPU.ActiveCfg = Release|Any CPU
		{5ECA293E-2077-4573-B639-9DD1A0322B50}.Release|Any CPU.Build.0 = Release|Any CPU
		{D60102EC-0403-4E1E-95F6-420F08784D91}.Debug|Any CPU.ActiveCfg = Debug|Any CPU
		{D60102EC-0403-4E1E-95F6-420F08784D91}.Debug|Any CPU.Build.0 = Debug|Any CPU
		{D60102EC-0403-4E1E-95F6-420F08784D91}.Release|Any CPU.ActiveCfg = Release|Any CPU
		{D60102EC-0403-4E1E-95F6-420F08784D91}.Release|Any CPU.Build.0 = Release|Any CPU
		{52F085E0-EA0A-4EC6-8657-F7D9E0CD7E13}.Debug|Any CPU.ActiveCfg = Debug|Any CPU
		{52F085E0-EA0A-4EC6-8657-F7D9E0CD7E13}.Debug|Any CPU.Build.0 = Debug|Any CPU
		{52F085E0-EA0A-4EC6-8657-F7D9E0CD7E13}.Release|Any CPU.ActiveCfg = Release|Any CPU
		{52F085E0-EA0A-4EC6-8657-F7D9E0CD7E13}.Release|Any CPU.Build.0 = Release|Any CPU
		{8DF09479-51C4-4DCE-A379-ED78CFECEAE2}.Debug|Any CPU.ActiveCfg = Debug|Any CPU
		{8DF09479-51C4-4DCE-A379-ED78CFECEAE2}.Debug|Any CPU.Build.0 = Debug|Any CPU
		{8DF09479-51C4-4DCE-A379-ED78CFECEAE2}.Release|Any CPU.ActiveCfg = Release|Any CPU
		{8DF09479-51C4-4DCE-A379-ED78CFECEAE2}.Release|Any CPU.Build.0 = Release|Any CPU
		{16C41999-BFF8-423B-883B-39A46A4A69D3}.Debug|Any CPU.ActiveCfg = Debug|Any CPU
		{16C41999-BFF8-423B-883B-39A46A4A69D3}.Debug|Any CPU.Build.0 = Debug|Any CPU
		{16C41999-BFF8-423B-883B-39A46A4A69D3}.Release|Any CPU.ActiveCfg = Release|Any CPU
		{16C41999-BFF8-423B-883B-39A46A4A69D3}.Release|Any CPU.Build.0 = Release|Any CPU
		{445DC064-A658-4243-8780-469964980E05}.Debug|Any CPU.ActiveCfg = Debug|Any CPU
		{445DC064-A658-4243-8780-469964980E05}.Debug|Any CPU.Build.0 = Debug|Any CPU
		{445DC064-A658-4243-8780-469964980E05}.Release|Any CPU.ActiveCfg = Release|Any CPU
		{445DC064-A658-4243-8780-469964980E05}.Release|Any CPU.Build.0 = Release|Any CPU
	EndGlobalSection
	GlobalSection(SolutionProperties) = preSolution
		HideSolutionNode = FALSE
	EndGlobalSection
	GlobalSection(NestedProjects) = preSolution
		{5ECA293E-2077-4573-B639-9DD1A0322B50} = {8C56B993-18FA-4991-B55B-1C18C1BE30E3}
		{D60102EC-0403-4E1E-95F6-420F08784D91} = {A2249A2A-AC67-4F12-B3F1-2BB8CCE19B24}
		{52F085E0-EA0A-4EC6-8657-F7D9E0CD7E13} = {8C56B993-18FA-4991-B55B-1C18C1BE30E3}
		{8DF09479-51C4-4DCE-A379-ED78CFECEAE2} = {A066E6CB-3702-49A9-B787-405DAEFE7DB7}
		{16C41999-BFF8-423B-883B-39A46A4A69D3} = {A066E6CB-3702-49A9-B787-405DAEFE7DB7}
		{445DC064-A658-4243-8780-469964980E05} = {604FEDB2-953D-4CB7-905D-C2456420506D}
	EndGlobalSection
	GlobalSection(ExtensibilityGlobals) = postSolution
		SolutionGuid = {3E62AAC6-64D8-42BA-A0A3-7CAF290FB0AB}
	EndGlobalSection
EndGlobal
